
Microsoft Visual Studio Solution File, Format Version 12.00
# Visual Studio Version 17
VisualStudioVersion = 17.14.36915.13
MinimumVisualStudioVersion = 10.0.40219.1
Project("{FAE04EC0-301F-11D3-BF4B-00C04F79EFBC}") = "EAPD7111_PART2", "EAPD7111_PART2.csproj", "{3C1871DB-D9F6-4942-9BDE-E0C2BBE36C3F}"
EndProject
Project("{FAE04EC0-301F-11D3-BF4B-00C04F79EFBC}") = "EAPD7111_PART2.Tests", "EAPD7111_PART2.Tests\EAPD7111_PART2.Tests.csproj", "{01353B4E-8067-4FE8-81F5-740946349EBE}"
EndProject
Project("{FAE04EC0-301F-11D3-BF4B-00C04F79EFBC}") = "GLMS.Shared", "GLMS.Shared\GLMS.Shared.csproj", "{2AB39526-3999-4C09-94C3-ED72F9EBE56E}"
EndProject
Project("{FAE04EC0-301F-11D3-BF4B-00C04F79EFBC}") = "GLMS.Api", "GLMS.Api\GLMS.Api.csproj", "{4D52010A-86F2-470E-AE92-3A278409BE3D}"
EndProject
Global
	GlobalSection(SolutionConfigurationPlatforms) = preSolution
		Debug|Any CPU = Debug|Any CPU
		Debug|x64 = Debug|x64
		Debug|x86 = Debug|x86
		Release|Any CPU = Release|Any CPU
		Release|x64 = Release|x64
		Release|x86 = Release|x86
	EndGlobalSection
	GlobalSection(ProjectConfigurationPlatforms) = postSolution
		{3C1871DB-D9F6-4942-9BDE-E0C2BBE36C3F}.Debug|Any CPU.ActiveCfg = Debug|Any CPU
		{3C1871DB-D9F6-4942-9BDE-E0C2BBE36C3F}.Debug|Any CPU.Build.0 = Debug|Any CPU
		{3C1871DB-D9F6-4942-9BDE-E0C2BBE36C3F}.Debug|x64.ActiveCfg = Debug|Any CPU
		{3C1871DB-D9F6-4942-9BDE-E0C2BBE36C3F}.Debug|x64.Build.0 = Debug|Any CPU
		{3C1871DB-D9F6-4942-9BDE-E0C2BBE36C3F}.Debug|x86.ActiveCfg = Debug|Any CPU
		{3C1871DB-D9F6-4942-9BDE-E0C2BBE36C3F}.Debug|x86.Build.0 = Debug|Any CPU
		{3C1871DB-D9F6-4942-9BDE-E0C2BBE36C3F}.Release|Any CPU.ActiveCfg = Release|Any CPU
		{3C1871DB-D9F6-4942-9BDE-E0C2BBE36C3F}.Release|Any CPU.Build.0 = Release|Any CPU
		{3C1871DB-D9F6-4942-9BDE-E0C2BBE36C3F}.Release|x64.ActiveCfg = Release|Any CPU
		{3C1871DB-D9F6-4942-9BDE-E0C2BBE36C3F}.Release|x64.Build.0 = Release|Any CPU
		{3C1871DB-D9F6-4942-9BDE-E0C2BBE36C3F}.Release|x86.ActiveCfg = Release|Any CPU
		{3C1871DB-D9F6-4942-9BDE-E0C2BBE36C3F}.Release|x86.Build.0 = Release|Any CPU
		{01353B4E-8067-4FE8-81F5-740946349EBE}.Debug|Any CPU.ActiveCfg = Debug|Any CPU
		{01353B4E-8067-4FE8-81F5-740946349EBE}.Debug|Any CPU.Build.0 = Debug|Any CPU
		{01353B4E-8067-4FE8-81F5-740946349EBE}.Debug|x64.ActiveCfg = Debug|Any CPU
		{01353B4E-8067-4FE8-81F5-740946349EBE}.Debug|x64.Build.0 = Debug|Any CPU
		{01353B4E-8067-4FE8-81F5-740946349EBE}.Debug|x86.ActiveCfg = Debug|Any CPU
		{01353B4E-8067-4FE8-81F5-740946349EBE}.Debug|x86.Build.0 = Debug|Any CPU
		{01353B4E-8067-4FE8-81F5-740946349EBE}.Release|Any CPU.ActiveCfg = Release|Any CPU
		{01353B4E-8067-4FE8-81F5-740946349EBE}.Release|Any CPU.Build.0 = Release|Any CPU
		{01353B4E-8067-4FE8-81F5-740946349EBE}.Release|x64.ActiveCfg = Release|Any CPU
		{01353B4E-8067-4FE8-81F5-740946349EBE}.Release|x64.Build.0 = Release|Any CPU
		{01353B4E-8067-4FE8-81F5-740946349EBE}.Release|x86.ActiveCfg = Release|Any CPU
		{01353B4E-8067-4FE8-81F5-740946349EBE}.Release|x86.Build.0 = Release|Any CPU
		{2AB39526-3999-4C09-94C3-ED72F9EBE56E}.Debug|Any CPU.ActiveCfg = Debug|Any CPU
		{2AB39526-3999-4C09-94C3-ED72F9EBE56E}.Debug|Any CPU.Build.0 = Debug|Any CPU
		{2AB39526-3999-4C09-94C3-ED72F9EBE56E}.Debug|x64.ActiveCfg = Debug|Any CPU
		{2AB39526-3999-4C09-94C3-ED72F9EBE56E}.Debug|x64.Build.0 = Debug|Any CPU
		{2AB39526-3999-4C09-94C3-ED72F9EBE56E}.Debug|x86.ActiveCfg = Debug|Any CPU
		{2AB39526-3999-4C09-94C3-ED72F9EBE56E}.Debug|x86.Build.0 = Debug|Any CPU
		{2AB39526-3999-4C09-94C3-ED72F9EBE56E}.Release|Any CPU.ActiveCfg = Release|Any CPU
		{2AB39526-3999-4C09-94C3-ED72F9EBE56E}.Release|Any CPU.Build.0 = Release|Any CPU
		{2AB39526-3999-4C09-94C3-ED72F9EBE56E}.Release|x64.ActiveCfg = Release|Any CPU
		{2AB39526-3999-4C09-94C3-ED72F9EBE56E}.Release|x64.Build.0 = Release|Any CPU
		{2AB39526-3999-4C09-94C3-ED72F9EBE56E}.Release|x86.ActiveCfg = Release|Any CPU
		{2AB39526-3999-4C09-94C3-ED72F9EBE56E}.Release|x86.Build.0 = Release|Any CPU
		{4D52010A-86F2-470E-AE92-3A278409BE3D}.Debug|Any CPU.ActiveCfg = Debug|Any CPU
		{4D52010A-86F2-470E-AE92-3A278409BE3D}.Debug|Any CPU.Build.0 = Debug|Any CPU
		{4D52010A-86F2-470E-AE92-3A278409BE3D}.Debug|x64.ActiveCfg = Debug|Any CPU
		{4D52010A-86F2-470E-AE92-3A278409BE3D}.Debug|x64.Build.0 = Debug|Any CPU
		{4D52010A-86F2-470E-AE92-3A278409BE3D}.Debug|x86.ActiveCfg = Debug|Any CPU
		{4D52010A-86F2-470E-AE92-3A278409BE3D}.Debug|x86.Build.0 = Debug|Any CPU
		{4D52010A-86F2-470E-AE92-3A278409BE3D}.Release|Any CPU.ActiveCfg = Release|Any CPU
		{4D52010A-86F2-470E-AE92-3A278409BE3D}.Release|Any CPU.Build.0 = Release|Any CPU
		{4D52010A-86F2-470E-AE92-3A278409BE3D}.Release|x64.ActiveCfg = Release|Any CPU
		{4D52010A-86F2-470E-AE92-3A278409BE3D}.Release|x64.Build.0 = Release|Any CPU
		{4D52010A-86F2-470E-AE92-3A278409BE3D}.Release|x86.ActiveCfg = Release|Any CPU
		{4D52010A-86F2-470E-AE92-3A278409BE3D}.Release|x86.Build.0 = Release|Any CPU
	EndGlobalSection
	GlobalSection(SolutionProperties) = preSolution
		HideSolutionNode = FALSE
	EndGlobalSection
	GlobalSection(ExtensibilityGlobals) = postSolution
		SolutionGuid = {C8EFEEB9-CC60-49FE-A38B-9B099028D3CD}
	EndGlobalSection
EndGlobal
